
Microsoft Visual Studio Solution File, Format Version 12.00
# Visual Studio Version 17
VisualStudioVersion = 17.4.33213.308
MinimumVisualStudioVersion = 10.0.40219.1
Project("{FAE04EC0-301F-11D3-BF4B-00C04F79EFBC}") = "Gribanova_API", "Gribanova_API.csproj", "{F66CD80A-AF2C-4595-850A-3EDB9E14416B}"
EndProject
Global
	GlobalSection(SolutionConfigurationPlatforms) = preSolution
		Debug|Any CPU = Debug|Any CPU
		Release|Any CPU = Release|Any CPU
	EndGlobalSection
	GlobalSection(ProjectConfigurationPlatforms) = postSolution
		{F66CD80A-AF2C-4595-850A-3EDB9E14416B}.Debug|Any CPU.ActiveCfg = Debug|Any CPU
		{F66CD80A-AF2C-4595-850A-3EDB9E14416B}.Debug|Any CPU.Build.0 = Debug|Any CPU
		{F66CD80A-AF2C-4595-850A-3EDB9E14416B}.Release|Any CPU.ActiveCfg = Release|Any CPU
		{F66CD80A-AF2C-4595-850A-3EDB9E14416B}.Release|Any CPU.Build.0 = Release|Any CPU
	EndGlobalSection
	GlobalSection(SolutionProperties) = preSolution
		HideSolutionNode = FALSE
	EndGlobalSection
	GlobalSection(ExtensibilityGlobals) = postSolution
		SolutionGuid = {B163A473-1995-43DF-AA38-0887BC6D7D6F}
	EndGlobalSection
EndGlobal
